lockfileVersion: 5.3

specifiers:
  '@babel/parser': ^7.20.5
  '@types/babel__core': ^7.1.20
  '@types/babel__traverse': ^7.18.3
  '@types/node': ^18.11.9
  typescript: ^4.9.3

devDependencies:
  '@babel/parser': 7.20.5
  '@types/babel__core': 7.1.20
  '@types/babel__traverse': 7.18.3
  '@types/node': 18.11.9
  typescript: 4.9.3

packages:

  /@babel/helper-string-parser/7.19.4:
    resolution: {integrity: sha512-nHtDoQcuqFmwYNYPz3Rah5ph2p8PFeFCsZk9A/48dPc/rGocJ5J3hAAZ7pb76VWX3fZKu+uEr/FhH5jLx7umrw==}
    engines: {node: '>=6.9.0'}
    dev: true

  /@babel/helper-validator-identifier/7.19.1:
    resolution: {integrity: sha512-awrNfaMtnHUr653GgGEs++LlAvW6w+DcPrOliSMXWCKo597CwL5Acf/wWdNkf/tfEQE3mjkeD1YOVZOUV/od1w==}
    engines: {node: '>=6.9.0'}
    dev: true

  /@babel/parser/7.20.5:
    resolution: {integrity: sha512-r27t/cy/m9uKLXQNWWebeCUHgnAZq0CpG1OwKRxzJMP1vpSU4bSIK2hq+/cp0bQxetkXx38n09rNu8jVkcK/zA==}
    engines: {node: '>=6.0.0'}
    hasBin: true
    dependencies:
      '@babel/types': 7.20.5
    dev: true

  /@babel/types/7.20.5:
    resolution: {integrity: sha512-c9fst/h2/dcF7H+MJKZ2T0KjEQ8hY/BNnDk/H3XY8C4Aw/eWQXWn/lWntHF9ooUBnGmEvbfGrTgLWc+um0YDUg==}
    engines: {node: '>=6.9.0'}
    dependencies:
      '@babel/helper-string-parser': 7.19.4
      '@babel/helper-validator-identifier': 7.19.1
      to-fast-properties: 2.0.0
    dev: true

  /@types/babel__core/7.1.20:
    resolution: {integrity: sha512-PVb6Bg2QuscZ30FvOU7z4guG6c926D9YRvOxEaelzndpMsvP+YM74Q/dAFASpg2l6+XLalxSGxcq/lrgYWZtyQ==}
    dependencies:
      '@babel/parser': 7.20.5
      '@babel/types': 7.20.5
      '@types/babel__generator': 7.6.4
      '@types/babel__template': 7.4.1
      '@types/babel__traverse': 7.18.3
    dev: true

  /@types/babel__generator/7.6.4:
    resolution: {integrity: sha512-tFkciB9j2K755yrTALxD44McOrk+gfpIpvC3sxHjRawj6PfnQxrse4Clq5y/Rq+G3mrBurMax/lG8Qn2t9mSsg==}
    dependencies:
      '@babel/types': 7.20.5
    dev: true

  /@types/babel__template/7.4.1:
    resolution: {integrity: sha512-azBFKemX6kMg5Io+/rdGT0dkGreboUVR0Cdm3fz9QJWpaQGJRQXl7C+6hOTCZcMll7KFyEQpgbYI2lHdsS4U7g==}
    dependencies:
      '@babel/parser': 7.20.5
      '@babel/types': 7.20.5
    dev: true

  /@types/babel__traverse/7.18.3:
    resolution: {integrity: sha512-1kbcJ40lLB7MHsj39U4Sh1uTd2E7rLEa79kmDpI6cy+XiXsteB3POdQomoq4FxszMrO3ZYchkhYJw7A2862b3w==}
    dependencies:
      '@babel/types': 7.20.5
    dev: true

  /@types/node/18.11.9:
    resolution: {integrity: sha512-CRpX21/kGdzjOpFsZSkcrXMGIBWMGNIHXXBVFSH+ggkftxg+XYP20TESbh+zFvFj3EQOl5byk0HTRn1IL6hbqg==}
    dev: true

  /to-fast-properties/2.0.0:
    resolution: {integrity: sha512-/OaKK0xYrs3DmxRYqL/yDc+FxFUVYhDlXMhRmv3z915w2HF1tnN1omB354j8VUGO/hbRzyD6Y3sA7v7GS/ceog==}
    engines: {node: '>=4'}
    dev: true

  /typescript/4.9.3:
    resolution: {integrity: sha512-CIfGzTelbKNEnLpLdGFgdyKhG23CKdKgQPOBc+OUNrkJ2vr+KSzsSV5kq5iWhEQbok+quxgGzrAtGWCyU7tHnA==}
    engines: {node: '>=4.2.0'}
    hasBin: true
    dev: true
